
Microsoft Visual Studio Solution File, Format Version 12.00
# Visual Studio Version 16
VisualStudioVersion = 16.0.30804.86
MinimumVisualStudioVersion = 10.0.40219.1
Project("{FAE04EC0-301F-11D3-BF4B-00C04F79EFBC}") = "Project_Test", "OS_Project\Project_Test.csproj", "{5F747115-8CEF-44F7-BEAB-63AC4C5DBF29}"
EndProject
Global
	GlobalSection(SolutionConfigurationPlatforms) = preSolution
		Debug|Any CPU = Debug|Any CPU
		Release|Any CPU = Release|Any CPU
	EndGlobalSection
	GlobalSection(ProjectConfigurationPlatforms) = postSolution
		{5F747115-8CEF-44F7-BEAB-63AC4C5DBF29}.Debug|Any CPU.ActiveCfg = Debug|Any CPU
		{5F747115-8CEF-44F7-BEAB-63AC4C5DBF29}.Debug|Any CPU.Build.0 = Debug|Any CPU
		{5F747115-8CEF-44F7-BEAB-63AC4C5DBF29}.Release|Any CPU.ActiveCfg = Release|Any CPU
		{5F747115-8CEF-44F7-BEAB-63AC4C5DBF29}.Release|Any CPU.Build.0 = Release|Any CPU
	EndGlobalSection
	GlobalSection(SolutionProperties) = preSolution
		HideSolutionNode = FALSE
	EndGlobalSection
	GlobalSection(ExtensibilityGlobals) = postSolution
		SolutionGuid = {739DFDB4-1B69-4F57-95F8-9642BF1C5644}
	EndGlobalSection
EndGlobal
